
Microsoft Visual Studio Solution File, Format Version 12.00
# Visual Studio Version 17
VisualStudioVersion = 17.14.36616.10 d17.14
MinimumVisualStudioVersion = 10.0.40219.1
Project("{FAE04EC0-301F-11D3-BF4B-00C04F79EFBC}") = "WinForms", "WinForms\WinForms.csproj", "{6A71F3B2-5463-46E2-8A7B-D2728D80C5CD}"
EndProject
Project("{FAE04EC0-301F-11D3-BF4B-00C04F79EFBC}") = "Messenger.Shared", "MyLibrary\Messenger.Shared.csproj", "{CB980068-2A20-4443-8F58-4D34A18F0CAC}"
EndProject
Project("{FAE04EC0-301F-11D3-BF4B-00C04F79EFBC}") = "Messenger.Server", "Messenger.Server\Messenger.Server.csproj", "{98A5B505-0343-4763-AB25-5C5E729EB222}"
EndProject
Global
	GlobalSection(SolutionConfigurationPlatforms) = preSolution
		Debug|Any CPU = Debug|Any CPU
		Release|Any CPU = Release|Any CPU
	EndGlobalSection
	GlobalSection(ProjectConfigurationPlatforms) = postSolution
		{6A71F3B2-5463-46E2-8A7B-D2728D80C5CD}.Debug|Any CPU.ActiveCfg = Debug|Any CPU
		{6A71F3B2-5463-46E2-8A7B-D2728D80C5CD}.Debug|Any CPU.Build.0 = Debug|Any CPU
		{6A71F3B2-5463-46E2-8A7B-D2728D80C5CD}.Release|Any CPU.ActiveCfg = Release|Any CPU
		{6A71F3B2-5463-46E2-8A7B-D2728D80C5CD}.Release|Any CPU.Build.0 = Release|Any CPU
		{CB980068-2A20-4443-8F58-4D34A18F0CAC}.Debug|Any CPU.ActiveCfg = Debug|Any CPU
		{CB980068-2A20-4443-8F58-4D34A18F0CAC}.Debug|Any CPU.Build.0 = Debug|Any CPU
		{CB980068-2A20-4443-8F58-4D34A18F0CAC}.Release|Any CPU.ActiveCfg = Release|Any CPU
		{CB980068-2A20-4443-8F58-4D34A18F0CAC}.Release|Any CPU.Build.0 = Release|Any CPU
		{98A5B505-0343-4763-AB25-5C5E729EB222}.Debug|Any CPU.ActiveCfg = Debug|Any CPU
		{98A5B505-0343-4763-AB25-5C5E729EB222}.Debug|Any CPU.Build.0 = Debug|Any CPU
		{98A5B505-0343-4763-AB25-5C5E729EB222}.Release|Any CPU.ActiveCfg = Release|Any CPU
		{98A5B505-0343-4763-AB25-5C5E729EB222}.Release|Any CPU.Build.0 = Release|Any CPU
	EndGlobalSection
	GlobalSection(SolutionProperties) = preSolution
		HideSolutionNode = FALSE
	EndGlobalSection
	GlobalSection(ExtensibilityGlobals) = postSolution
		SolutionGuid = {82C2599D-07F4-4C8B-B900-D7E855C50BD1}
	EndGlobalSection
EndGlobal
